{
  "name": "qb-core",
  "lockfileVersion": 2,
  "requires": true,
  "packages": {
    "": {
      "dependencies": {
        "@citizenfx/server": "^2.0.4784-1",
        "@types/common-tags": "^1.8.1",
        "common-tags": "^1.8.0",
        "esbuild": "^0.13.5",
        "node-fetch": "^3.0.0",
        "semver": "^7.3.5"
      },
      "devDependencies": {
        "@types/node": "^16.10.9",
        "@types/semver": "^7.3.8",
        "typescript": "^4.4.4"
      }
    },
    "node_modules/@citizenfx/server": {
      "version": "2.0.4784-1",
      "resolved": "https://registry.npmjs.org/@citizenfx/server/-/server-2.0.4784-1.tgz",
      "integrity": "sha512-DivZH48RNEDsMuhYdonUWmd6ze4pKa58/YZnq7VHrznXUGiLJqV+xx4LegXUb6hLpVjKPNnAQihNW1ggLD97Dw=="
    },
    "node_modules/@types/common-tags": {
      "version": "1.8.1",
      "resolved": "https://registry.npmjs.org/@types/common-tags/-/common-tags-1.8.1.tgz",
      "integrity": "sha512-20R/mDpKSPWdJs5TOpz3e7zqbeCNuMCPhV7Yndk9KU2Rbij2r5W4RzwDPkzC+2lzUqXYu9rFzTktCBnDjHuNQg=="
    },
    "node_modules/@types/node": {
      "version": "16.10.9",
      "resolved": "https://registry.npmjs.org/@types/node/-/node-16.10.9.tgz",
      "integrity": "sha512-H9ReOt+yqIJPCutkTYjFjlyK6WEMQYT9hLZMlWtOjFQY2ItppsWZ6RJf8Aw+jz5qTYceuHvFgPIaKOHtLAEWBw==",
      "dev": true
    },
    "node_modules/@types/semver": {
      "version": "7.3.8",
      "resolved": "https://registry.npmjs.org/@types/semver/-/semver-7.3.8.tgz",
      "integrity": "sha512-D/2EJvAlCEtYFEYmmlGwbGXuK886HzyCc3nZX/tkFTQdEU8jZDAgiv08P162yB17y4ZXZoq7yFAnW4GDBb9Now==",
      "dev": true
    },
    "node_modules/common-tags": {
      "version": "1.8.0",
      "resolved": "https://registry.npmjs.org/common-tags/-/common-tags-1.8.0.tgz",
      "integrity": "sha512-6P6g0uetGpW/sdyUy/iQQCbFF0kWVMSIVSyYz7Zgjcgh8mgw8PQzDNZeyZ5DQ2gM7LBoZPHmnjz8rUthkBG5tw==",
      "engines": {
        "node": ">=4.0.0"
      }
    },
    "node_modules/data-uri-to-buffer": {
      "version": "3.0.1",
      "resolved": "https://registry.npmjs.org/data-uri-to-buffer/-/data-uri-to-buffer-3.0.1.tgz",
      "integrity": "sha512-WboRycPNsVw3B3TL559F7kuBUM4d8CgMEvk6xEJlOp7OBPjt6G7z8WMWlD2rOFZLk6OYfFIUGsCOWzcQH9K2og==",
      "engines": {
        "node": ">= 6"
      }
    },
    "node_modules/esbuild": {
      "version": "0.13.5",
      "resolved": "https://registry.npmjs.org/esbuild/-/esbuild-0.13.5.tgz",
      "integrity": "sha512-Q9/f1njsZaO+Qqe3dqAdtu4zGHNZIbcEtdg44/NooyPhqCerns4FeC1UPYeB4pKD08iDuWcmyINFJTqpdN+pqg==",
      "hasInstallScript": true,
      "bin": {
        "esbuild": "bin/esbuild"
      },
      "optionalDependencies": {
        "esbuild-android-arm64": "0.13.5",
        "esbuild-darwin-64": "0.13.5",
        "esbuild-darwin-arm64": "0.13.5",
        "esbuild-freebsd-64": "0.13.5",
        "esbuild-freebsd-arm64": "0.13.5",
        "esbuild-linux-32": "0.13.5",
        "esbuild-linux-64": "0.13.5",
        "esbuild-linux-arm": "0.13.5",
        "esbuild-linux-arm64": "0.13.5",
        "esbuild-linux-mips64le": "0.13.5",
        "esbuild-linux-ppc64le": "0.13.5",
        "esbuild-openbsd-64": "0.13.5",
        "esbuild-sunos-64": "0.13.5",
        "esbuild-windows-32": "0.13.5",
        "esbuild-windows-64": "0.13.5",
        "esbuild-windows-arm64": "0.13.5"
      }
    },
    "node_modules/esbuild-android-arm64": {
      "version": "0.13.5",
      "resolved": "https://registry.npmjs.org/esbuild-android-arm64/-/esbuild-android-arm64-0.13.5.tgz",
      "integrity": "sha512-xaNH58b9XRAWT5q0rwA2GNTgJynb51JhdotlNKdLmSCyKXPVlF87yqNLNdmlX/zndzRDrZdtpCWSALdn/J63Ug==",
      "cpu": [
        "arm64"
      ],
      "optional": true,
      "os": [
        "android"
      ]
    },
    "node_modules/esbuild-darwin-64": {
      "version": "0.13.5",
      "resolved": "https://registry.npmjs.org/esbuild-darwin-64/-/esbuild-darwin-64-0.13.5.tgz",
      "integrity": "sha512-ClGQeUObXIxEpZviGzjTinDikXy9XodojP9jLKwqLCBpZ9wdV3MW7JOmw60fgXgnbNRvkZCqM6uEi+ur8p80Ow==",
      "cpu": [
        "x64"
      ],
      "optional": true,
      "os": [
        "darwin"
      ]
    },
    "node_modules/esbuild-darwin-arm64": {
      "version": "0.13.5",
      "resolved": "https://registry.npmjs.org/esbuild-darwin-arm64/-/esbuild-darwin-arm64-0.13.5.tgz",
      "integrity": "sha512-qro6M/qzs1dBPh14Ca+5moIkLo2KE3ll3dOpiN7aAususkM1HmqQptCEchi0XwX+6nfqWI96YvVqPJ3DfUUK5A==",
      "cpu": [
        "arm64"
      ],
      "optional": true,
      "os": [
        "darwin"
      ]
    },
    "node_modules/esbuild-freebsd-64": {
      "version": "0.13.5",
      "resolved": "https://registry.npmjs.org/esbuild-freebsd-64/-/esbuild-freebsd-64-0.13.5.tgz",
      "integrity": "sha512-vklf7L7fghREEvS1sjAFcxcw/Qqt+Z+L0ySN+pEeb7rA8nPLfRBSFdXAru8UNuHsMWns6CrcZ5eDOKTerZZ5ng==",
      "cpu": [
        "x64"
      ],
      "optional": true,
      "os": [
        "freebsd"
      ]
    },
    "node_modules/esbuild-freebsd-arm64": {
      "version": "0.13.5",
      "resolved": "https://registry.npmjs.org/esbuild-freebsd-arm64/-/esbuild-freebsd-arm64-0.13.5.tgz",
      "integrity": "sha512-kJoouhbZt4QvjiPak7/Lz57Azok0CgFnNtixiOsqEQXTabIaKmMmnq4qgjD6EBFeU/hvSXDrPe6U8dWhBZOrWQ==",
      "cpu": [
        "arm64"
      ],
      "optional": true,
      "os": [
        "freebsd"
      ]
    },
    "node_modules/esbuild-linux-32": {
      "version": "0.13.5",
      "resolved": "https://registry.npmjs.org/esbuild-linux-32/-/esbuild-linux-32-0.13.5.tgz",
      "integrity": "sha512-/QufG6tTGKAf42pIYkOVZzKBPxF01xH1kCPyOFJZukZBV/Tk3TeOZfhJIAf7pxl4jhfa+c4Jcdp7CvIAjXrmJg==",
      "cpu": [
        "ia32"
      ],
      "optional": true,
      "os": [
        "linux"
      ]
    },
    "node_modules/esbuild-linux-64": {
      "version": "0.13.5",
      "resolved": "https://registry.npmjs.org/esbuild-linux-64/-/esbuild-linux-64-0.13.5.tgz",
      "integrity": "sha512-NmNFMXEthuFJTFaD4cLhAHCxg+y3uXzo7nqH/WNNSZ8PPY11jbeOvMbdArYlbo2Wy1N/mTHXMcK1synSJj+4Iw==",
      "cpu": [
        "x64"
      ],
      "optional": true,
      "os": [
        "linux"
      ]
    },
    "node_modules/esbuild-linux-arm": {
      "version": "0.13.5",
      "resolved": "https://registry.npmjs.org/esbuild-linux-arm/-/esbuild-linux-arm-0.13.5.tgz",
      "integrity": "sha512-69nQmbKLBRaAxf88diyaOyarrI7yIdBkZ8bmVzQ7XVWneY+nYIcGtugTSOs5znNGfPqGOElAjh1lX+0sGYHNpA==",
      "cpu": [
        "arm"
      ],
      "optional": true,
      "os": [
        "linux"
      ]
    },
    "node_modules/esbuild-linux-arm64": {
      "version": "0.13.5",
      "resolved": "https://registry.npmjs.org/esbuild-linux-arm64/-/esbuild-linux-arm64-0.13.5.tgz",
      "integrity": "sha512-dOS5EZsZj8Lw0TgEj3zy1/slTBbfBw4v7uHEqZXP34dUaRq2oltNaUYIj735CtgB7I5/MXrXEUYkXLqcVfzJQQ==",
      "cpu": [
        "arm64"
      ],
      "optional": true,
      "os": [
        "linux"
      ]
    },
    "node_modules/esbuild-linux-mips64le": {
      "version": "0.13.5",
      "resolved": "https://registry.npmjs.org/esbuild-linux-mips64le/-/esbuild-linux-mips64le-0.13.5.tgz",
      "integrity": "sha512-dmKA8ZI/nHwpxIQW/L5crk7Ac4wJJ2Kquvdo1CdXPW1UljMyKUDuHc4K7D1Iws5igqJmNO6U5vdRUKrdnIov6Q==",
      "cpu": [
        "mips64el"
      ],
      "optional": true,
      "os": [
        "linux"
      ]
    },
    "node_modules/esbuild-linux-ppc64le": {
      "version": "0.13.5",
      "resolved": "https://registry.npmjs.org/esbuild-linux-ppc64le/-/esbuild-linux-ppc64le-0.13.5.tgz",
      "integrity": "sha512-HkVGKkPL3XOhJqNOJ752Q1li5zeidrJHv+XWX6qCnCipNsVuGqaAGfxeWbL/+A/giolMlP7wvAuiKgoe+a5UAw==",
      "cpu": [
        "ppc64"
      ],
      "optional": true,
      "os": [
        "linux"
      ]
    },
    "node_modules/esbuild-openbsd-64": {
      "version": "0.13.5",
      "resolved": "https://registry.npmjs.org/esbuild-openbsd-64/-/esbuild-openbsd-64-0.13.5.tgz",
      "integrity": "sha512-BuOZzmdsdreSs0qDgbuiEhSbUDDW2Wyp4VtpNGBmaLwPMHftdprOJXLkeFud3HlnRB2n9qdiTVKg1B8YqMogSw==",
      "cpu": [
        "x64"
      ],
      "optional": true,
      "os": [
        "openbsd"
      ]
    },
    "node_modules/esbuild-sunos-64": {
      "version": "0.13.5",
      "resolved": "https://registry.npmjs.org/esbuild-sunos-64/-/esbuild-sunos-64-0.13.5.tgz",
      "integrity": "sha512-YJNB6Og1QYAPikvYDbqvk5xCqr6WL2i5cRWPGGgWOEItQPnq6gFsWogS3DiYM8TQKe50KRiD3Lwu7eNYsdPO4w==",
      "cpu": [
        "x64"
      ],
      "optional": true,
      "os": [
        "sunos"
      ]
    },
    "node_modules/esbuild-windows-32": {
      "version": "0.13.5",
      "resolved": "https://registry.npmjs.org/esbuild-windows-32/-/esbuild-windows-32-0.13.5.tgz",
      "integrity": "sha512-CigOlBSKsZ61IS+FyhD3luqCpl7LN9ntDaBZXumls/0IZ/8BJ5txqw4a6pv4LtnfIgt0ixGHSH7kAUmApw/HAw==",
      "cpu": [
        "ia32"
      ],
      "optional": true,
      "os": [
        "win32"
      ]
    },
    "node_modules/esbuild-windows-64": {
      "version": "0.13.5",
      "resolved": "https://registry.npmjs.org/esbuild-windows-64/-/esbuild-windows-64-0.13.5.tgz",
      "integrity": "sha512-pg2BZXLpcPcrIcmToGapLRExzj6sm0VmQlqlmnMOtIJh0YQV9c0CRbhfIT0gYvJqCz5JEGiRvYpArRlxWADN3Q==",
      "cpu": [
        "x64"
      ],
      "optional": true,
      "os": [
        "win32"
      ]
    },
    "node_modules/esbuild-windows-arm64": {
      "version": "0.13.5",
      "resolved": "https://registry.npmjs.org/esbuild-windows-arm64/-/esbuild-windows-arm64-0.13.5.tgz",
      "integrity": "sha512-KKRDmUOIE4oCvJp0I4p4QyazK2X79spF29vsZr2U8qHhmxbTLSQWvYmb2WlF5Clb1URRsX0L013rhwHx1SEu0w==",
      "cpu": [
        "arm64"
      ],
      "optional": true,
      "os": [
        "win32"
      ]
    },
    "node_modules/fetch-blob": {
      "version": "3.1.2",
      "resolved": "https://registry.npmjs.org/fetch-blob/-/fetch-blob-3.1.2.tgz",
      "integrity": "sha512-hunJbvy/6OLjCD0uuhLdp0mMPzP/yd2ssd1t2FCJsaA7wkWhpbp9xfuNVpv7Ll4jFhzp6T4LAupSiV9uOeg0VQ==",
      "funding": [
        {
          "type": "github",
          "url": "https://github.com/sponsors/jimmywarting"
        },
        {
          "type": "paypal",
          "url": "https://paypal.me/jimmywarting"
        }
      ],
      "dependencies": {
        "web-streams-polyfill": "^3.0.3"
      },
      "engines": {
        "node": "^12.20 || >= 14.13"
      }
    },
    "node_modules/lru-cache": {
      "version": "6.0.0",
      "resolved": "https://registry.npmjs.org/lru-cache/-/lru-cache-6.0.0.tgz",
      "integrity": "sha512-Jo6dJ04CmSjuznwJSS3pUeWmd/H0ffTlkXXgwZi+eq1UCmqQwCh+eLsYOYCwY991i2Fah4h1BEMCx4qThGbsiA==",
      "dependencies": {
        "yallist": "^4.0.0"
      },
      "engines": {
        "node": ">=10"
      }
    },
    "node_modules/node-fetch": {
      "version": "3.0.0",
      "resolved": "https://registry.npmjs.org/node-fetch/-/node-fetch-3.0.0.tgz",
      "integrity": "sha512-bKMI+C7/T/SPU1lKnbQbwxptpCrG9ashG+VkytmXCPZyuM9jB6VU+hY0oi4lC8LxTtAeWdckNCTa3nrGsAdA3Q==",
      "dependencies": {
        "data-uri-to-buffer": "^3.0.1",
        "fetch-blob": "^3.1.2"
      },
      "engines": {
        "node": "^12.20.0 || ^14.13.1 || >=16.0.0"
      },
      "funding": {
        "type": "opencollective",
        "url": "https://opencollective.com/node-fetch"
      }
    },
    "node_modules/semver": {
      "version": "7.3.5",
      "resolved": "https://registry.npmjs.org/semver/-/semver-7.3.5.tgz",
      "integrity": "sha512-PoeGJYh8HK4BTO/a9Tf6ZG3veo/A7ZVsYrSA6J8ny9nb3B1VrpkuN+z9OE5wfE5p6H4LchYZsegiQgbJD94ZFQ==",
      "dependencies": {
        "lru-cache": "^6.0.0"
      },
      "bin": {
        "semver": "bin/semver.js"
      },
      "engines": {
        "node": ">=10"
      }
    },
    "node_modules/typescript": {
      "version": "4.4.4",
      "resolved": "https://registry.npmjs.org/typescript/-/typescript-4.4.4.tgz",
      "integrity": "sha512-DqGhF5IKoBl8WNf8C1gu8q0xZSInh9j1kJJMqT3a94w1JzVaBU4EXOSMrz9yDqMT0xt3selp83fuFMQ0uzv6qA==",
      "dev": true,
      "bin": {
        "tsc": "bin/tsc",
        "tsserver": "bin/tsserver"
      },
      "engines": {
        "node": ">=4.2.0"
      }
    },
    "node_modules/web-streams-polyfill": {
      "version": "3.1.1",
      "resolved": "https://registry.npmjs.org/web-streams-polyfill/-/web-streams-polyfill-3.1.1.tgz",
      "integrity": "sha512-Czi3fG883e96T4DLEPRvufrF2ydhOOW1+1a6c3gNjH2aIh50DNFBdfwh2AKoOf1rXvpvavAoA11Qdq9+BKjE0Q==",
      "engines": {
        "node": ">= 8"
      }
    },
    "node_modules/yallist": {
      "version": "4.0.0",
      "resolved": "https://registry.npmjs.org/yallist/-/yallist-4.0.0.tgz",
      "integrity": "sha512-3wdGidZyq5PB084XLES5TpOSRA3wjXAlIWMhum2kRcv/41Sn2emQ0dycQW4uZXLejwKvg6EsvbdlVL+FYEct7A=="
    }
  },
  "dependencies": {
    "@citizenfx/server": {
      "version": "2.0.4784-1",
      "resolved": "https://registry.npmjs.org/@citizenfx/server/-/server-2.0.4784-1.tgz",
      "integrity": "sha512-DivZH48RNEDsMuhYdonUWmd6ze4pKa58/YZnq7VHrznXUGiLJqV+xx4LegXUb6hLpVjKPNnAQihNW1ggLD97Dw=="
    },
    "@types/common-tags": {
      "version": "1.8.1",
      "resolved": "https://registry.npmjs.org/@types/common-tags/-/common-tags-1.8.1.tgz",
      "integrity": "sha512-20R/mDpKSPWdJs5TOpz3e7zqbeCNuMCPhV7Yndk9KU2Rbij2r5W4RzwDPkzC+2lzUqXYu9rFzTktCBnDjHuNQg=="
    },
    "@types/node": {
      "version": "16.10.9",
      "resolved": "https://registry.npmjs.org/@types/node/-/node-16.10.9.tgz",
      "integrity": "sha512-H9ReOt+yqIJPCutkTYjFjlyK6WEMQYT9hLZMlWtOjFQY2ItppsWZ6RJf8Aw+jz5qTYceuHvFgPIaKOHtLAEWBw==",
      "dev": true
    },
    "@types/semver": {
      "version": "7.3.8",
      "resolved": "https://registry.npmjs.org/@types/semver/-/semver-7.3.8.tgz",
      "integrity": "sha512-D/2EJvAlCEtYFEYmmlGwbGXuK886HzyCc3nZX/tkFTQdEU8jZDAgiv08P162yB17y4ZXZoq7yFAnW4GDBb9Now==",
      "dev": true
    },
    "common-tags": {
      "version": "1.8.0",
      "resolved": "https://registry.npmjs.org/common-tags/-/common-tags-1.8.0.tgz",
      "integrity": "sha512-6P6g0uetGpW/sdyUy/iQQCbFF0kWVMSIVSyYz7Zgjcgh8mgw8PQzDNZeyZ5DQ2gM7LBoZPHmnjz8rUthkBG5tw=="
    },
    "data-uri-to-buffer": {
      "version": "3.0.1",
      "resolved": "https://registry.npmjs.org/data-uri-to-buffer/-/data-uri-to-buffer-3.0.1.tgz",
      "integrity": "sha512-WboRycPNsVw3B3TL559F7kuBUM4d8CgMEvk6xEJlOp7OBPjt6G7z8WMWlD2rOFZLk6OYfFIUGsCOWzcQH9K2og=="
    },
    "esbuild": {
      "version": "0.13.5",
      "resolved": "https://registry.npmjs.org/esbuild/-/esbuild-0.13.5.tgz",
      "integrity": "sha512-Q9/f1njsZaO+Qqe3dqAdtu4zGHNZIbcEtdg44/NooyPhqCerns4FeC1UPYeB4pKD08iDuWcmyINFJTqpdN+pqg==",
      "requires": {
        "esbuild-android-arm64": "0.13.5",
        "esbuild-darwin-64": "0.13.5",
        "esbuild-darwin-arm64": "0.13.5",
        "esbuild-freebsd-64": "0.13.5",
        "esbuild-freebsd-arm64": "0.13.5",
        "esbuild-linux-32": "0.13.5",
        "esbuild-linux-64": "0.13.5",
        "esbuild-linux-arm": "0.13.5",
        "esbuild-linux-arm64": "0.13.5",
        "esbuild-linux-mips64le": "0.13.5",
        "esbuild-linux-ppc64le": "0.13.5",
        "esbuild-openbsd-64": "0.13.5",
        "esbuild-sunos-64": "0.13.5",
        "esbuild-windows-32": "0.13.5",
        "esbuild-windows-64": "0.13.5",
        "esbuild-windows-arm64": "0.13.5"
      }
    },
    "esbuild-android-arm64": {
      "version": "0.13.5",
      "resolved": "https://registry.npmjs.org/esbuild-android-arm64/-/esbuild-android-arm64-0.13.5.tgz",
      "integrity": "sha512-xaNH58b9XRAWT5q0rwA2GNTgJynb51JhdotlNKdLmSCyKXPVlF87yqNLNdmlX/zndzRDrZdtpCWSALdn/J63Ug==",
      "optional": true
    },
    "esbuild-darwin-64": {
      "version": "0.13.5",
      "resolved": "https://registry.npmjs.org/esbuild-darwin-64/-/esbuild-darwin-64-0.13.5.tgz",
      "integrity": "sha512-ClGQeUObXIxEpZviGzjTinDikXy9XodojP9jLKwqLCBpZ9wdV3MW7JOmw60fgXgnbNRvkZCqM6uEi+ur8p80Ow==",
      "optional": true
    },
    "esbuild-darwin-arm64": {
      "version": "0.13.5",
      "resolved": "https://registry.npmjs.org/esbuild-darwin-arm64/-/esbuild-darwin-arm64-0.13.5.tgz",
      "integrity": "sha512-qro6M/qzs1dBPh14Ca+5moIkLo2KE3ll3dOpiN7aAususkM1HmqQptCEchi0XwX+6nfqWI96YvVqPJ3DfUUK5A==",
      "optional": true
    },
    "esbuild-freebsd-64": {
      "version": "0.13.5",
      "resolved": "https://registry.npmjs.org/esbuild-freebsd-64/-/esbuild-freebsd-64-0.13.5.tgz",
      "integrity": "sha512-vklf7L7fghREEvS1sjAFcxcw/Qqt+Z+L0ySN+pEeb7rA8nPLfRBSFdXAru8UNuHsMWns6CrcZ5eDOKTerZZ5ng==",
      "optional": true
    },
    "esbuild-freebsd-arm64": {
      "version": "0.13.5",
      "resolved": "https://registry.npmjs.org/esbuild-freebsd-arm64/-/esbuild-freebsd-arm64-0.13.5.tgz",
      "integrity": "sha512-kJoouhbZt4QvjiPak7/Lz57Azok0CgFnNtixiOsqEQXTabIaKmMmnq4qgjD6EBFeU/hvSXDrPe6U8dWhBZOrWQ==",
      "optional": true
    },
    "esbuild-linux-32": {
      "version": "0.13.5",
      "resolved": "https://registry.npmjs.org/esbuild-linux-32/-/esbuild-linux-32-0.13.5.tgz",
      "integrity": "sha512-/QufG6tTGKAf42pIYkOVZzKBPxF01xH1kCPyOFJZukZBV/Tk3TeOZfhJIAf7pxl4jhfa+c4Jcdp7CvIAjXrmJg==",
      "optional": true
    },
    "esbuild-linux-64": {
      "version": "0.13.5",
      "resolved": "https://registry.npmjs.org/esbuild-linux-64/-/esbuild-linux-64-0.13.5.tgz",
      "integrity": "sha512-NmNFMXEthuFJTFaD4cLhAHCxg+y3uXzo7nqH/WNNSZ8PPY11jbeOvMbdArYlbo2Wy1N/mTHXMcK1synSJj+4Iw==",
      "optional": true
    },
    "esbuild-linux-arm": {
      "version": "0.13.5",
      "resolved": "https://registry.npmjs.org/esbuild-linux-arm/-/esbuild-linux-arm-0.13.5.tgz",
      "integrity": "sha512-69nQmbKLBRaAxf88diyaOyarrI7yIdBkZ8bmVzQ7XVWneY+nYIcGtugTSOs5znNGfPqGOElAjh1lX+0sGYHNpA==",
      "optional": true
    },
    "esbuild-linux-arm64": {
      "version": "0.13.5",
      "resolved": "https://registry.npmjs.org/esbuild-linux-arm64/-/esbuild-linux-arm64-0.13.5.tgz",
      "integrity": "sha512-dOS5EZsZj8Lw0TgEj3zy1/slTBbfBw4v7uHEqZXP34dUaRq2oltNaUYIj735CtgB7I5/MXrXEUYkXLqcVfzJQQ==",
      "optional": true
    },
    "esbuild-linux-mips64le": {
      "version": "0.13.5",
      "resolved": "https://registry.npmjs.org/esbuild-linux-mips64le/-/esbuild-linux-mips64le-0.13.5.tgz",
      "integrity": "sha512-dmKA8ZI/nHwpxIQW/L5crk7Ac4wJJ2Kquvdo1CdXPW1UljMyKUDuHc4K7D1Iws5igqJmNO6U5vdRUKrdnIov6Q==",
      "optional": true
    },
    "esbuild-linux-ppc64le": {
      "version": "0.13.5",
      "resolved": "https://registry.npmjs.org/esbuild-linux-ppc64le/-/esbuild-linux-ppc64le-0.13.5.tgz",
      "integrity": "sha512-HkVGKkPL3XOhJqNOJ752Q1li5zeidrJHv+XWX6qCnCipNsVuGqaAGfxeWbL/+A/giolMlP7wvAuiKgoe+a5UAw==",
      "optional": true
    },
    "esbuild-openbsd-64": {
      "version": "0.13.5",
      "resolved": "https://registry.npmjs.org/esbuild-openbsd-64/-/esbuild-openbsd-64-0.13.5.tgz",
      "integrity": "sha512-BuOZzmdsdreSs0qDgbuiEhSbUDDW2Wyp4VtpNGBmaLwPMHftdprOJXLkeFud3HlnRB2n9qdiTVKg1B8YqMogSw==",
      "optional": true
    },
    "esbuild-sunos-64": {
      "version": "0.13.5",
      "resolved": "https://registry.npmjs.org/esbuild-sunos-64/-/esbuild-sunos-64-0.13.5.tgz",
      "integrity": "sha512-YJNB6Og1QYAPikvYDbqvk5xCqr6WL2i5cRWPGGgWOEItQPnq6gFsWogS3DiYM8TQKe50KRiD3Lwu7eNYsdPO4w==",
      "optional": true
    },
    "esbuild-windows-32": {
      "version": "0.13.5",
      "resolved": "https://registry.npmjs.org/esbuild-windows-32/-/esbuild-windows-32-0.13.5.tgz",
      "integrity": "sha512-CigOlBSKsZ61IS+FyhD3luqCpl7LN9ntDaBZXumls/0IZ/8BJ5txqw4a6pv4LtnfIgt0ixGHSH7kAUmApw/HAw==",
      "optional": true
    },
    "esbuild-windows-64": {
      "version": "0.13.5",
      "resolved": "https://registry.npmjs.org/esbuild-windows-64/-/esbuild-windows-64-0.13.5.tgz",
      "integrity": "sha512-pg2BZXLpcPcrIcmToGapLRExzj6sm0VmQlqlmnMOtIJh0YQV9c0CRbhfIT0gYvJqCz5JEGiRvYpArRlxWADN3Q==",
      "optional": true
    },
    "esbuild-windows-arm64": {
      "version": "0.13.5",
      "resolved": "https://registry.npmjs.org/esbuild-windows-arm64/-/esbuild-windows-arm64-0.13.5.tgz",
      "integrity": "sha512-KKRDmUOIE4oCvJp0I4p4QyazK2X79spF29vsZr2U8qHhmxbTLSQWvYmb2WlF5Clb1URRsX0L013rhwHx1SEu0w==",
      "optional": true
    },
    "fetch-blob": {
      "version": "3.1.2",
      "resolved": "https://registry.npmjs.org/fetch-blob/-/fetch-blob-3.1.2.tgz",
      "integrity": "sha512-hunJbvy/6OLjCD0uuhLdp0mMPzP/yd2ssd1t2FCJsaA7wkWhpbp9xfuNVpv7Ll4jFhzp6T4LAupSiV9uOeg0VQ==",
      "requires": {
        "web-streams-polyfill": "^3.0.3"
      }
    },
    "lru-cache": {
      "version": "6.0.0",
      "resolved": "https://registry.npmjs.org/lru-cache/-/lru-cache-6.0.0.tgz",
      "integrity": "sha512-Jo6dJ04CmSjuznwJSS3pUeWmd/H0ffTlkXXgwZi+eq1UCmqQwCh+eLsYOYCwY991i2Fah4h1BEMCx4qThGbsiA==",
      "requires": {
        "yallist": "^4.0.0"
      }
    },
    "node-fetch": {
      "version": "3.0.0",
      "resolved": "https://registry.npmjs.org/node-fetch/-/node-fetch-3.0.0.tgz",
      "integrity": "sha512-bKMI+C7/T/SPU1lKnbQbwxptpCrG9ashG+VkytmXCPZyuM9jB6VU+hY0oi4lC8LxTtAeWdckNCTa3nrGsAdA3Q==",
      "requires": {
        "data-uri-to-buffer": "^3.0.1",
        "fetch-blob": "^3.1.2"
      }
    },
    "semver": {
      "version": "7.3.5",
      "resolved": "https://registry.npmjs.org/semver/-/semver-7.3.5.tgz",
      "integrity": "sha512-PoeGJYh8HK4BTO/a9Tf6ZG3veo/A7ZVsYrSA6J8ny9nb3B1VrpkuN+z9OE5wfE5p6H4LchYZsegiQgbJD94ZFQ==",
      "requires": {
        "lru-cache": "^6.0.0"
      }
    },
    "typescript": {
      "version": "4.4.4",
      "resolved": "https://registry.npmjs.org/typescript/-/typescript-4.4.4.tgz",
      "integrity": "sha512-DqGhF5IKoBl8WNf8C1gu8q0xZSInh9j1kJJMqT3a94w1JzVaBU4EXOSMrz9yDqMT0xt3selp83fuFMQ0uzv6qA==",
      "dev": true
    },
    "web-streams-polyfill": {
      "version": "3.1.1",
      "resolved": "https://registry.npmjs.org/web-streams-polyfill/-/web-streams-polyfill-3.1.1.tgz",
      "integrity": "sha512-Czi3fG883e96T4DLEPRvufrF2ydhOOW1+1a6c3gNjH2aIh50DNFBdfwh2AKoOf1rXvpvavAoA11Qdq9+BKjE0Q=="
    },
    "yallist": {
      "version": "4.0.0",
      "resolved": "https://registry.npmjs.org/yallist/-/yallist-4.0.0.tgz",
      "integrity": "sha512-3wdGidZyq5PB084XLES5TpOSRA3wjXAlIWMhum2kRcv/41Sn2emQ0dycQW4uZXLejwKvg6EsvbdlVL+FYEct7A=="
    }
  }
}
